// !$*UTF8*$!
{
	archiveVersion = 1;
	classes = {
	};
	objectVersion = 77;
	objects = {

/* Begin PBXBuildFile section */
		25B25A842DAE70B30053D585 /* FirebaseAuth in Frameworks */ = {isa = PBXBuildFile; productRef = 25B25A832DAE70B30053D585 /* FirebaseAuth */; };
		25B25A862DAE70B30053D585 /* FirebaseFirestore in Frameworks */ = {isa = PBXBuildFile; productRef = 25B25A852DAE70B30053D585 /* FirebaseFirestore */; };
		25B25A882DAE70B30053D585 /* FirebaseStorage in Frameworks */ = {isa = PBXBuildFile; productRef = 25B25A872DAE70B30053D585 /* FirebaseStorage */; };
		25B25A8A2DAE71C60053D585 /* FirebaseAnalytics in Frameworks */ = {isa = PBXBuildFile; productRef = 25B25A892DAE71C60053D585 /* FirebaseAnalytics */; };
		25B25A8C2DAE71C70053D585 /* FirebaseAnalyticsWithoutAdIdSupport in Frameworks */ = {isa = PBXBuildFile; productRef = 25B25A8B2DAE71C70053D585 /* FirebaseAnalyticsWithoutAdIdSupport */; };
/* End PBXBuildFile section */

/* Begin PBXContainerItemProxy section */
		25B25A642DAE5CF00053D585 /* PBXContainerItemProxy */ = {
			isa = PBXContainerItemProxy;
			containerPortal = 25B25A4B2DAE5CEE0053D585 /* Project object */;
			proxyType = 1;
			remoteGlobalIDString = 25B25A522DAE5CEE0053D585;
			remoteInfo = LocalCart;
		};
		25B25A6E2DAE5CF00053D585 /* PBXContainerItemProxy */ = {
			isa = PBXContainerItemProxy;
			containerPortal = 25B25A4B2DAE5CEE0053D585 /* Project object */;
			proxyType = 1;
			remoteGlobalIDString = 25B25A522DAE5CEE0053D585;
			remoteInfo = LocalCart;
		};
/* End PBXContainerItemProxy section */

/* Begin PBXFileReference section */
		25B25A532DAE5CEE0053D585 /* LocalCart.app */ = {isa = PBXFileReference; explicitFileType = wrapper.application; includeInIndex = 0; path = LocalCart.app; sourceTree = BUILT_PRODUCTS_DIR; };
		25B25A632DAE5CF00053D585 /* LocalCartTests.xctest */ = {isa = PBXFileReference; explicitFileType = wrapper.cfbundle; includeInIndex = 0; path = LocalCartTests.xctest; sourceTree = BUILT_PRODUCTS_DIR; };
		25B25A6D2DAE5CF00053D585 /* LocalCartUITests.xctest */ = {isa = PBXFileReference; explicitFileType = wrapper.cfbundle; includeInIndex = 0; path = LocalCartUITests.xctest; sourceTree = BUILT_PRODUCTS_DIR; };
/* End PBXFileReference section */

/* Begin PBXFileSystemSynchronizedRootGroup section */
		258E4DB62DE5EAC000B5EEE2 /* Models */ = {
			isa = PBXFileSystemSynchronizedRootGroup;
			path = Models;
			sourceTree = "<group>";
		};
		258E4DB72DE5EB1500B5EEE2 /* ViewModels */ = {
			isa = PBXFileSystemSynchronizedRootGroup;
			path = ViewModels;
			sourceTree = "<group>";
		};
		258E4DB82DE5EB9900B5EEE2 /* Views */ = {
			isa = PBXFileSystemSynchronizedRootGroup;
			path = Views;
			sourceTree = "<group>";
		};
		258E4DBD2DE5ECB800B5EEE2 /* Services */ = {
			isa = PBXFileSystemSynchronizedRootGroup;
			path = Services;
			sourceTree = "<group>";
		};
		258E4DBE2DE5ECFC00B5EEE2 /* App */ = {
			isa = PBXFileSystemSynchronizedRootGroup;
			path = App;
			sourceTree = "<group>";
		};
		258E4DBF2DE5ED2500B5EEE2 /* Resources */ = {
			isa = PBXFileSystemSynchronizedRootGroup;
			path = Resources;
			sourceTree = "<group>";
		};
		25B25A552DAE5CEE0053D585 /* LocalCart */ = {
			isa = PBXFileSystemSynchronizedRootGroup;
			path = LocalCart;
			sourceTree = "<group>";
			usesTabs = 0;
		};
		25B25A662DAE5CF00053D585 /* LocalCartTests */ = {
			isa = PBXFileSystemSynchronizedRootGroup;
			path = LocalCartTests;
			sourceTree = "<group>";
		};
		25B25A702DAE5CF00053D585 /* LocalCartUITests */ = {
			isa = PBXFileSystemSynchronizedRootGroup;
			path = LocalCartUITests;
			sourceTree = "<group>";
		};
/* End PBXFileSystemSynchronizedRootGroup section */

/* Begin PBXFrameworksBuildPhase section */
		25B25A502DAE5CEE0053D585 /* Frameworks */ = {
			isa = PBXFrameworksBuildPhase;
			buildActionMask = 2147483647;
			files = (
				25B25A842DAE70B30053D585 /* FirebaseAuth in Frameworks */,
				25B25A8C2DAE71C70053D585 /* FirebaseAnalyticsWithoutAdIdSupport in Frameworks */,
				25B25A862DAE70B30053D585 /* FirebaseFirestore in Frameworks */,
				25B25A8A2DAE71C60053D585 /* FirebaseAnalytics in Frameworks */,
				25B25A882DAE70B30053D585 /* FirebaseStorage in Frameworks */,
			);
			runOnlyForDeploymentPostprocessing = 0;
		};
		25B25A602DAE5CF00053D585 /* Frameworks */ = {
			isa = PBXFrameworksBuildPhase;
			buildActionMask = 2147483647;
			files = (
			);
			runOnlyForDeploymentPostprocessing = 0;
		};
		25B25A6A2DAE5CF00053D585 /* Frameworks */ = {
			isa = PBXFrameworksBuildPhase;
			buildActionMask = 2147483647;
			files = (
			);
			runOnlyForDeploymentPostprocessing = 0;
		};
/* End PBXFrameworksBuildPhase section */

/* Begin PBXGroup section */
		25B25A4A2DAE5CEE0053D585 = {
			isa = PBXGroup;
			children = (
				258E4DBF2DE5ED2500B5EEE2 /* Resources */,
				258E4DBE2DE5ECFC00B5EEE2 /* App */,
				258E4DBD2DE5ECB800B5EEE2 /* Services */,
				258E4DB82DE5EB9900B5EEE2 /* Views */,
				258E4DB72DE5EB1500B5EEE2 /* ViewModels */,
				258E4DB62DE5EAC000B5EEE2 /* Models */,
				25B25A552DAE5CEE0053D585 /* LocalCart */,
				25B25A662DAE5CF00053D585 /* LocalCartTests */,
				25B25A702DAE5CF00053D585 /* LocalCartUITests */,
				25B25A542DAE5CEE0053D585 /* Products */,
			);
			sourceTree = "<group>";
		};
		25B25A542DAE5CEE0053D585 /* Products */ = {
			isa = PBXGroup;
			children = (
				25B25A532DAE5CEE0053D585 /* LocalCart.app */,
				25B25A632DAE5CF00053D585 /* LocalCartTests.xctest */,
				25B25A6D2DAE5CF00053D585 /* LocalCartUITests.xctest */,
			);
			name = Products;
			sourceTree = "<group>";
		};
/* End PBXGroup section */

/* Begin PBXNativeTarget section */
		25B25A522DAE5CEE0053D585 /* LocalCart */ = {
			isa = PBXNativeTarget;
			buildConfigurationList = 25B25A772DAE5CF00053D585 /* Build configuration list for PBXNativeTarget "LocalCart" */;
			buildPhases = (
				25B25A4F2DAE5CEE0053D585 /* Sources */,
				25B25A502DAE5CEE0053D585 /* Frameworks */,
				25B25A512DAE5CEE0053D585 /* Resources */,
			);
			buildRules = (
			);
			dependencies = (
			);
			fileSystemSynchronizedGroups = (
				258E4DB62DE5EAC000B5EEE2 /* Models */,
				258E4DB72DE5EB1500B5EEE2 /* ViewModels */,
				258E4DB82DE5EB9900B5EEE2 /* Views */,
				258E4DBD2DE5ECB800B5EEE2 /* Services */,
				258E4DBE2DE5ECFC00B5EEE2 /* App */,
				258E4DBF2DE5ED2500B5EEE2 /* Resources */,
				25B25A552DAE5CEE0053D585 /* LocalCart */,
			);
			name = LocalCart;
			packageProductDependencies = (
				25B25A832DAE70B30053D585 /* FirebaseAuth */,
				25B25A852DAE70B30053D585 /* FirebaseFirestore */,
				25B25A872DAE70B30053D585 /* FirebaseStorage */,
				25B25A892DAE71C60053D585 /* FirebaseAnalytics */,
				25B25A8B2DAE71C70053D585 /* FirebaseAnalyticsWithoutAdIdSupport */,
			);
			productName = LocalCart;
			productReference = 25B25A532DAE5CEE0053D585 /* LocalCart.app */;
			productType = "com.apple.product-type.application";
		};
		25B25A622DAE5CF00053D585 /* LocalCartTests */ = {
			isa = PBXNativeTarget;
			buildConfigurationList = 25B25A7A2DAE5CF00053D585 /* Build configuration list for PBXNativeTarget "LocalCartTests" */;
			buildPhases = (
				25B25A5F2DAE5CF00053D585 /* Sources */,
				25B25A602DAE5CF00053D585 /* Frameworks */,
				25B25A612DAE5CF00053D585 /* Resources */,
			);
			buildRules = (
			);
			dependencies = (
				25B25A652DAE5CF00053D585 /* PBXTargetDependency */,
			);
			fileSystemSynchronizedGroups = (
				25B25A662DAE5CF00053D585 /* LocalCartTests */,
			);
			name = LocalCartTests;
			packageProductDependencies = (
			);
			productName = LocalCartTests;
			productReference = 25B25A632DAE5CF00053D585 /* LocalCartTests.xctest */;
			productType = "com.apple.product-type.bundle.unit-test";
		};
		25B25A6C2DAE5CF00053D585 /* LocalCartUITests */ = {
			isa = PBXNativeTarget;
			buildConfigurationList = 25B25A7D2DAE5CF00053D585 /* Build configuration list for PBXNativeTarget "LocalCartUITests" */;
			buildPhases = (
				25B25A692DAE5CF00053D585 /* Sources */,
				25B25A6A2DAE5CF00053D585 /* Frameworks */,
				25B25A6B2DAE5CF00053D585 /* Resources */,
			);
			buildRules = (
			);
			dependencies = (
				25B25A6F2DAE5CF00053D585 /* PBXTargetDependency */,
			);
			fileSystemSynchronizedGroups = (
				25B25A702DAE5CF00053D585 /* LocalCartUITests */,
			);
			name = LocalCartUITests;
			packageProductDependencies = (
			);
			productName = LocalCartUITests;
			productReference = 25B25A6D2DAE5CF00053D585 /* LocalCartUITests.xctest */;
			productType = "com.apple.product-type.bundle.ui-testing";
		};
/* End PBXNativeTarget section */

/* Begin PBXProject section */
		25B25A4B2DAE5CEE0053D585 /* Project object */ = {
			isa = PBXProject;
			attributes = {
				BuildIndependentTargetsInParallel = 1;
				LastSwiftUpdateCheck = 1620;
				LastUpgradeCheck = 1620;
				TargetAttributes = {
					25B25A522DAE5CEE0053D585 = {
						CreatedOnToolsVersion = 16.2;
					};
					25B25A622DAE5CF00053D585 = {
						CreatedOnToolsVersion = 16.2;
						TestTargetID = 25B25A522DAE5CEE0053D585;
					};
					25B25A6C2DAE5CF00053D585 = {
						CreatedOnToolsVersion = 16.2;
						TestTargetID = 25B25A522DAE5CEE0053D585;
					};
				};
			};
			buildConfigurationList = 25B25A4E2DAE5CEE0053D585 /* Build configuration list for PBXProject "LocalCart" */;
			developmentRegion = en;
			hasScannedForEncodings = 0;
			knownRegions = (
				en,
				Base,
			);
			mainGroup = 25B25A4A2DAE5CEE0053D585;
			minimizedProjectReferenceProxies = 1;
			packageReferences = (
				25B25A822DAE70B20053D585 /* XCRemoteSwiftPackageReference "firebase-ios-sdk" */,
			);
			preferredProjectObjectVersion = 77;
			productRefGroup = 25B25A542DAE5CEE0053D585 /* Products */;
			projectDirPath = "";
			projectRoot = "";
			targets = (
				25B25A522DAE5CEE0053D585 /* LocalCart */,
				25B25A622DAE5CF00053D585 /* LocalCartTests */,
				25B25A6C2DAE5CF00053D585 /* LocalCartUITests */,
			);
		};
/* End PBXProject section */

/* Begin PBXResourcesBuildPhase section */
		25B25A512DAE5CEE0053D585 /* Resources */ = {
			isa = PBXResourcesBuildPhase;
			buildActionMask = 2147483647;
			files = (
			);
			runOnlyForDeploymentPostprocessing = 0;
		};
		25B25A612DAE5CF00053D585 /* Resources */ = {
			isa = PBXResourcesBuildPhase;
			buildActionMask = 2147483647;
			files = (
			);
			runOnlyForDeploymentPostprocessing = 0;
		};
		25B25A6B2DAE5CF00053D585 /* Resources */ = {
			isa = PBXResourcesBuildPhase;
			buildActionMask = 2147483647;
			files = (
			);
			runOnlyForDeploymentPostprocessing = 0;
		};
/* End PBXResourcesBuildPhase section */

/* Begin PBXSourcesBuildPhase section */
		25B25A4F2DAE5CEE0053D585 /* Sources */ = {
			isa = PBXSourcesBuildPhase;
			buildActionMask = 2147483647;
			files = (
			);
			runOnlyForDeploymentPostprocessing = 0;
		};
		25B25A5F2DAE5CF00053D585 /* Sources */ = {
			isa = PBXSourcesBuildPhase;
			buildActionMask = 2147483647;
			files = (
			);
			runOnlyForDeploymentPostprocessing = 0;
		};
		25B25A692DAE5CF00053D585 /* Sources */ = {
			isa = PBXSourcesBuildPhase;
			buildActionMask = 2147483647;
			files = (
			);
			runOnlyForDeploymentPostprocessing = 0;
		};
/* End PBXSourcesBuildPhase section */

/* Begin PBXTargetDependency section */
		25B25A652DAE5CF00053D585 /* PBXTargetDependency */ = {
			isa = PBXTargetDependency;
			target = 25B25A522DAE5CEE0053D585 /* LocalCart */;
			targetProxy = 25B25A642DAE5CF00053D585 /* PBXContainerItemProxy */;
		};
		25B25A6F2DAE5CF00053D585 /* PBXTargetDependency */ = {
			isa = PBXTargetDependency;
			target = 25B25A522DAE5CEE0053D585 /* LocalCart */;
			targetProxy = 25B25A6E2DAE5CF00053D585 /* PBXContainerItemProxy */;
		};
/* End PBXTargetDependency section */

/* Begin XCBuildConfiguration section */
		25B25A752DAE5CF00053D585 /* Debug */ = {
			isa = XCBuildConfiguration;
			buildSettings = {
				ALWAYS_SEARCH_USER_PATHS = NO;
				ASSETCATALOG_COMPILER_GENERATE_SWIFT_ASSET_SYMBOL_EXTENSIONS = YES;
				CLANG_ANALYZER_NONNULL = YES;
				CLANG_ANALYZER_NUMBER_OBJECT_CONVERSION = YES_AGGRESSIVE;
				CLANG_CXX_LANGUAGE_STANDARD = "gnu++20";
				CLANG_ENABLE_MODULES = YES;
				CLANG_ENABLE_OBJC_ARC = YES;
				CLANG_ENABLE_OBJC_WEAK = YES;
				CLANG_WARN_BLOCK_CAPTURE_AUTORELEASING = YES;
				CLANG_WARN_BOOL_CONVERSION = YES;
				CLANG_WARN_COMMA = YES;
				CLANG_WARN_CONSTANT_CONVERSION = YES;
				CLANG_WARN_DEPRECATED_OBJC_IMPLEMENTATIONS = YES;
				CLANG_WARN_DIRECT_OBJC_ISA_USAGE = YES_ERROR;
				CLANG_WARN_DOCUMENTATION_COMMENTS = YES;
				CLANG_WARN_EMPTY_BODY = YES;
				CLANG_WARN_ENUM_CONVERSION = YES;
				CLANG_WARN_INFINITE_RECURSION = YES;
				CLANG_WARN_INT_CONVERSION = YES;
				CLANG_WARN_NON_LITERAL_NULL_CONVERSION = YES;
				CLANG_WARN_OBJC_IMPLICIT_RETAIN_SELF = YES;
				CLANG_WARN_OBJC_LITERAL_CONVERSION = YES;
				CLANG_WARN_OBJC_ROOT_CLASS = YES_ERROR;
				CLANG_WARN_QUOTED_INCLUDE_IN_FRAMEWORK_HEADER = YES;
				CLANG_WARN_RANGE_LOOP_ANALYSIS = YES;
				CLANG_WARN_STRICT_PROTOTYPES = YES;
				CLANG_WARN_SUSPICIOUS_MOVE = YES;
				CLANG_WARN_UNGUARDED_AVAILABILITY = YES_AGGRESSIVE;
				CLANG_WARN_UNREACHABLE_CODE = YES;
				CLANG_WARN__DUPLICATE_METHOD_MATCH = YES;
				COPY_PHASE_STRIP = NO;
				DEBUG_INFORMATION_FORMAT = dwarf;
				ENABLE_STRICT_OBJC_MSGSEND = YES;
				ENABLE_TESTABILITY = YES;
				ENABLE_USER_SCRIPT_SANDBOXING = YES;
				GCC_C_LANGUAGE_STANDARD = gnu17;
				GCC_DYNAMIC_NO_PIC = NO;
				GCC_NO_COMMON_BLOCKS = YES;
				GCC_OPTIMIZATION_LEVEL = 0;
				GCC_PREPROCESSOR_DEFINITIONS = (
					"DEBUG=1",
					"$(inherited)",
				);
				GCC_WARN_64_TO_32_BIT_CONVERSION = YES;
				GCC_WARN_ABOUT_RETURN_TYPE = YES_ERROR;
				GCC_WARN_UNDECLARED_SELECTOR = YES;
				GCC_WARN_UNINITIALIZED_AUTOS = YES_AGGRESSIVE;
				GCC_WARN_UNUSED_FUNCTION = YES;
				GCC_WARN_UNUSED_VARIABLE = YES;
				IPHONEOS_DEPLOYMENT_TARGET = 18.2;
				LOCALIZATION_PREFERS_STRING_CATALOGS = YES;
				MTL_ENABLE_DEBUG_INFO = INCLUDE_SOURCE;
				MTL_FAST_MATH = YES;
				ONLY_ACTIVE_ARCH = YES;
				SDKROOT = iphoneos;
				SWIFT_ACTIVE_COMPILATION_CONDITIONS = "DEBUG $(inherited)";
				SWIFT_OPTIMIZATION_LEVEL = "-Onone";
			};
			name = Debug;
		};
		25B25A762DAE5CF00053D585 /* Release */ = {
			isa = XCBuildConfiguration;
			buildSettings = {
				ALWAYS_SEARCH_USER_PATHS = NO;
				ASSETCATALOG_COMPILER_GENERATE_SWIFT_ASSET_SYMBOL_EXTENSIONS = YES;
				CLANG_ANALYZER_NONNULL = YES;
				CLANG_ANALYZER_NUMBER_OBJECT_CONVERSION = YES_AGGRESSIVE;
				CLANG_CXX_LANGUAGE_STANDARD = "gnu++20";
				CLANG_ENABLE_MODULES = YES;
				CLANG_ENABLE_OBJC_ARC = YES;
				CLANG_ENABLE_OBJC_WEAK = YES;
				CLANG_WARN_BLOCK_CAPTURE_AUTORELEASING = YES;
				CLANG_WARN_BOOL_CONVERSION = YES;
				CLANG_WARN_COMMA = YES;
				CLANG_WARN_CONSTANT_CONVERSION = YES;
				CLANG_WARN_DEPRECATED_OBJC_IMPLEMENTATIONS = YES;
				CLANG_WARN_DIRECT_OBJC_ISA_USAGE = YES_ERROR;
				CLANG_WARN_DOCUMENTATION_COMMENTS = YES;
				CLANG_WARN_EMPTY_BODY = YES;
				CLANG_WARN_ENUM_CONVERSION = YES;
				CLANG_WARN_INFINITE_RECURSION = YES;
				CLANG_WARN_INT_CONVERSION = YES;
				CLANG_WARN_NON_LITERAL_NULL_CONVERSION = YES;
				CLANG_WARN_OBJC_IMPLICIT_RETAIN_SELF = YES;
				CLANG_WARN_OBJC_LITERAL_CONVERSION = YES;
				CLANG_WARN_OBJC_ROOT_CLASS = YES_ERROR;
				CLANG_WARN_QUOTED_INCLUDE_IN_FRAMEWORK_HEADER = YES;
				CLANG_WARN_RANGE_LOOP_ANALYSIS = YES;
				CLANG_WARN_STRICT_PROTOTYPES = YES;
				CLANG_WARN_SUSPICIOUS_MOVE = YES;
				CLANG_WARN_UNGUARDED_AVAILABILITY = YES_AGGRESSIVE;
				CLANG_WARN_UNREACHABLE_CODE = YES;
				CLANG_WARN__DUPLICATE_METHOD_MATCH = YES;
				COPY_PHASE_STRIP = NO;
				DEBUG_INFORMATION_FORMAT = "dwarf-with-dsym";
				ENABLE_NS_ASSERTIONS = NO;
				ENABLE_STRICT_OBJC_MSGSEND = YES;
				ENABLE_USER_SCRIPT_SANDBOXING = YES;
				GCC_C_LANGUAGE_STANDARD = gnu17;
				GCC_NO_COMMON_BLOCKS = YES;
				GCC_WARN_64_TO_32_BIT_CONVERSION = YES;
				GCC_WARN_ABOUT_RETURN_TYPE = YES_ERROR;
				GCC_WARN_UNDECLARED_SELECTOR = YES;
				GCC_WARN_UNINITIALIZED_AUTOS = YES_AGGRESSIVE;
				GCC_WARN_UNUSED_FUNCTION = YES;
				GCC_WARN_UNUSED_VARIABLE = YES;
				IPHONEOS_DEPLOYMENT_TARGET = 18.2;
				LOCALIZATION_PREFERS_STRING_CATALOGS = YES;
				MTL_ENABLE_DEBUG_INFO = NO;
				MTL_FAST_MATH = YES;
				SDKROOT = iphoneos;
				SWIFT_COMPILATION_MODE = wholemodule;
				VALIDATE_PRODUCT = YES;
			};
			name = Release;
		};
		25B25A782DAE5CF00053D585 /* Debug */ = {
			isa = XCBuildConfiguration;
			buildSettings = {
				ASSETCATALOG_COMPILER_APPICON_NAME = AppIcon;
				ASSETCATALOG_COMPILER_GLOBAL_ACCENT_COLOR_NAME = AccentColor;
				CODE_SIGN_STYLE = Automatic;
				CURRENT_PROJECT_VERSION = 1;
				DEVELOPMENT_ASSET_PATHS = "\"LocalCart/Preview Content\"";
				ENABLE_PREVIEWS = YES;
				GENERATE_INFOPLIST_FILE = YES;
				INFOPLIST_KEY_UIApplicationSceneManifest_Generation = YES;
				INFOPLIST_KEY_UIApplicationSupportsIndirectInputEvents = YES;
				INFOPLIST_KEY_UILaunchScreen_Generation = YES;
				INFOPLIST_KEY_UISupportedInterfaceOrientations_iPad = "UIInterfaceOrientationPortrait UIInterfaceOrientationPortraitUpsideDown UIInterfaceOrientationLandscapeLeft UIInterfaceOrientationLandscapeRight";
				INFOPLIST_KEY_UISupportedInterfaceOrientations_iPhone = "UIInterfaceOrientationPortrait UIInterfaceOrientationLandscapeLeft UIInterfaceOrientationLandscapeRight";
				LD_RUNPATH_SEARCH_PATHS = (
					"$(inherited)",
					"@executable_path/Frameworks",
				);
				MARKETING_VERSION = 1.0;
				PRODUCT_BUNDLE_IDENTIFIER = com.example.LocalCart;
				PRODUCT_NAME = "$(TARGET_NAME)";
				SWIFT_EMIT_LOC_STRINGS = YES;
				SWIFT_VERSION = 5.0;
				TARGETED_DEVICE_FAMILY = "1,2";
			};
			name = Debug;
		};
		25B25A792DAE5CF00053D585 /* Release */ = {
			isa = XCBuildConfiguration;
			buildSettings = {
				ASSETCATALOG_COMPILER_APPICON_NAME = AppIcon;
				ASSETCATALOG_COMPILER_GLOBAL_ACCENT_COLOR_NAME = AccentColor;
				CODE_SIGN_STYLE = Automatic;
				CURRENT_PROJECT_VERSION = 1;
				DEVELOPMENT_ASSET_PATHS = "\"LocalCart/Preview Content\"";
				ENABLE_PREVIEWS = YES;
				GENERATE_INFOPLIST_FILE = YES;
				INFOPLIST_KEY_UIApplicationSceneManifest_Generation = YES;
				INFOPLIST_KEY_UIApplicationSupportsIndirectInputEvents = YES;
				INFOPLIST_KEY_UILaunchScreen_Generation = YES;
				INFOPLIST_KEY_UISupportedInterfaceOrientations_iPad = "UIInterfaceOrientationPortrait UIInterfaceOrientationPortraitUpsideDown UIInterfaceOrientationLandscapeLeft UIInterfaceOrientationLandscapeRight";
				INFOPLIST_KEY_UISupportedInterfaceOrientations_iPhone = "UIInterfaceOrientationPortrait UIInterfaceOrientationLandscapeLeft UIInterfaceOrientationLandscapeRight";
				LD_RUNPATH_SEARCH_PATHS = (
					"$(inherited)",
					"@executable_path/Frameworks",
				);
				MARKETING_VERSION = 1.0;
				PRODUCT_BUNDLE_IDENTIFIER = com.example.LocalCart;
				PRODUCT_NAME = "$(TARGET_NAME)";
				SWIFT_EMIT_LOC_STRINGS = YES;
				SWIFT_VERSION = 5.0;
				TARGETED_DEVICE_FAMILY = "1,2";
			};
			name = Release;
		};
		25B25A7B2DAE5CF00053D585 /* Debug */ = {
			isa = XCBuildConfiguration;
			buildSettings = {
				BUNDLE_LOADER = "$(TEST_HOST)";
				CODE_SIGN_STYLE = Automatic;
				CURRENT_PROJECT_VERSION = 1;
				GENERATE_INFOPLIST_FILE = YES;
				IPHONEOS_DEPLOYMENT_TARGET = 18.2;
				MARKETING_VERSION = 1.0;
				PRODUCT_BUNDLE_IDENTIFIER = com.example.LocalCartTests;
				PRODUCT_NAME = "$(TARGET_NAME)";
				SWIFT_EMIT_LOC_STRINGS = NO;
				SWIFT_VERSION = 5.0;
				TARGETED_DEVICE_FAMILY = "1,2";
				TEST_HOST = "$(BUILT_PRODUCTS_DIR)/LocalCart.app/$(BUNDLE_EXECUTABLE_FOLDER_PATH)/LocalCart";
			};
			name = Debug;
		};
		25B25A7C2DAE5CF00053D585 /* Release */ = {
			isa = XCBuildConfiguration;
			buildSettings = {
				BUNDLE_LOADER = "$(TEST_HOST)";
				CODE_SIGN_STYLE = Automatic;
				CURRENT_PROJECT_VERSION = 1;
				GENERATE_INFOPLIST_FILE = YES;
				IPHONEOS_DEPLOYMENT_TARGET = 18.2;
				MARKETING_VERSION = 1.0;
				PRODUCT_BUNDLE_IDENTIFIER = com.example.LocalCartTests;
				PRODUCT_NAME = "$(TARGET_NAME)";
				SWIFT_EMIT_LOC_STRINGS = NO;
				SWIFT_VERSION = 5.0;
				TARGETED_DEVICE_FAMILY = "1,2";
				TEST_HOST = "$(BUILT_PRODUCTS_DIR)/LocalCart.app/$(BUNDLE_EXECUTABLE_FOLDER_PATH)/LocalCart";
			};
			name = Release;
		};
		25B25A7E2DAE5CF00053D585 /* Debug */ = {
			isa = XCBuildConfiguration;
			buildSettings = {
				CODE_SIGN_STYLE = Automatic;
				CURRENT_PROJECT_VERSION = 1;
				GENERATE_INFOPLIST_FILE = YES;
				MARKETING_VERSION = 1.0;
				PRODUCT_BUNDLE_IDENTIFIER = com.example.LocalCartUITests;
				PRODUCT_NAME = "$(TARGET_NAME)";
				SWIFT_EMIT_LOC_STRINGS = NO;
				SWIFT_VERSION = 5.0;
				TARGETED_DEVICE_FAMILY = "1,2";
				TEST_TARGET_NAME = LocalCart;
			};
			name = Debug;
		};
		25B25A7F2DAE5CF00053D585 /* Release */ = {
			isa = XCBuildConfiguration;
			buildSettings = {
				CODE_SIGN_STYLE = Automatic;
				CURRENT_PROJECT_VERSION = 1;
				GENERATE_INFOPLIST_FILE = YES;
				MARKETING_VERSION = 1.0;
				PRODUCT_BUNDLE_IDENTIFIER = com.example.LocalCartUITests;
				PRODUCT_NAME = "$(TARGET_NAME)";
				SWIFT_EMIT_LOC_STRINGS = NO;
				SWIFT_VERSION = 5.0;
				TARGETED_DEVICE_FAMILY = "1,2";
				TEST_TARGET_NAME = LocalCart;
			};
			name = Release;
		};
/* End XCBuildConfiguration section */

/* Begin XCConfigurationList section */
		25B25A4E2DAE5CEE0053D585 /* Build configuration list for PBXProject "LocalCart" */ = {
			isa = XCConfigurationList;
			buildConfigurations = (
				25B25A752DAE5CF00053D585 /* Debug */,
				25B25A762DAE5CF00053D585 /* Release */,
			);
			defaultConfigurationIsVisible = 0;
			defaultConfigurationName = Release;
		};
		25B25A772DAE5CF00053D585 /* Build configuration list for PBXNativeTarget "LocalCart" */ = {
			isa = XCConfigurationList;
			buildConfigurations = (
				25B25A782DAE5CF00053D585 /* Debug */,
				25B25A792DAE5CF00053D585 /* Release */,
			);
			defaultConfigurationIsVisible = 0;
			defaultConfigurationName = Release;
		};
		25B25A7A2DAE5CF00053D585 /* Build configuration list for PBXNativeTarget "LocalCartTests" */ = {
			isa = XCConfigurationList;
			buildConfigurations = (
				25B25A7B2DAE5CF00053D585 /* Debug */,
				25B25A7C2DAE5CF00053D585 /* Release */,
			);
			defaultConfigurationIsVisible = 0;
			defaultConfigurationName = Release;
		};
		25B25A7D2DAE5CF00053D585 /* Build configuration list for PBXNativeTarget "LocalCartUITests" */ = {
			isa = XCConfigurationList;
			buildConfigurations = (
				25B25A7E2DAE5CF00053D585 /* Debug */,
				25B25A7F2DAE5CF00053D585 /* Release */,
			);
			defaultConfigurationIsVisible = 0;
			defaultConfigurationName = Release;
		};
/* End XCConfigurationList section */

/* Begin XCRemoteSwiftPackageReference section */
		25B25A822DAE70B20053D585 /* XCRemoteSwiftPackageReference "firebase-ios-sdk" */ = {
			isa = XCRemoteSwiftPackageReference;
			repositoryURL = "https://github.com/firebase/firebase-ios-sdk";
			requirement = {
				kind = upToNextMajorVersion;
				minimumVersion = 11.11.0;
			};
		};
/* End XCRemoteSwiftPackageReference section */

/* Begin XCSwiftPackageProductDependency section */
		25B25A832DAE70B30053D585 /* FirebaseAuth */ = {
			isa = XCSwiftPackageProductDependency;
			package = 25B25A822DAE70B20053D585 /* XCRemoteSwiftPackageReference "firebase-ios-sdk" */;
			productName = FirebaseAuth;
		};
		25B25A852DAE70B30053D585 /* FirebaseFirestore */ = {
			isa = XCSwiftPackageProductDependency;
			package = 25B25A822DAE70B20053D585 /* XCRemoteSwiftPackageReference "firebase-ios-sdk" */;
			productName = FirebaseFirestore;
		};
		25B25A872DAE70B30053D585 /* FirebaseStorage */ = {
			isa = XCSwiftPackageProductDependency;
			package = 25B25A822DAE70B20053D585 /* XCRemoteSwiftPackageReference "firebase-ios-sdk" */;
			productName = FirebaseStorage;
		};
		25B25A892DAE71C60053D585 /* FirebaseAnalytics */ = {
			isa = XCSwiftPackageProductDependency;
			package = 25B25A822DAE70B20053D585 /* XCRemoteSwiftPackageReference "firebase-ios-sdk" */;
			productName = FirebaseAnalytics;
		};
		25B25A8B2DAE71C70053D585 /* FirebaseAnalyticsWithoutAdIdSupport */ = {
			isa = XCSwiftPackageProductDependency;
			package = 25B25A822DAE70B20053D585 /* XCRemoteSwiftPackageReference "firebase-ios-sdk" */;
			productName = FirebaseAnalyticsWithoutAdIdSupport;
		};
/* End XCSwiftPackageProductDependency section */
	};
	rootObject = 25B25A4B2DAE5CEE0053D585 /* Project object */;
}
